{
  "nodes": {
    "flake-compat": {
      "flake": false,
      "locked": {
        "lastModified": 1747046372,
        "narHash": "sha256-CIVLLkVgvHYbgI2UpXvIIBJ12HWgX+fjA8Xf8PUmqCY=",
        "owner": "edolstra",
        "repo": "flake-compat",
        "rev": "9100a0f413b0c601e0533d1d94ffd501ce2e7885",
        "type": "github"
      },
      "original": {
        "owner": "edolstra",
        "repo": "flake-compat",
        "type": "github"
      }
    },
    "nixpkgs": {
      "locked": {
        "lastModified": 1761349956,
        "narHash": "sha256-tH3wHnOJms+U4k/rK2Nn1RfBrhffX92jLP/2VndSn0w=",
        "owner": "NixOS",
        "repo": "nixpkgs",
        "rev": "02f2cb8e0feb4596d20cc52fda73ccee960e3538",
        "type": "github"
      },
      "original": {
        "owner": "NixOS",
        "ref": "nixpkgs-unstable",
        "repo": "nixpkgs",
        "type": "github"
      }
    },
    "nixpkgs-python": {
      "inputs": {
        "flake-compat": "flake-compat",
        "nixpkgs": "nixpkgs_2"
      },
      "locked": {
        "lastModified": 1761307700,
        "narHash": "sha256-aQDVB0lngWdC1rCYqtNLO7A56aHs3Bi+R9NuEZ4qrns=",
        "owner": "cachix",
        "repo": "nixpkgs-python",
        "rev": "b06789c07f0df2498d2a7ffbf3b031c028b2826c",
        "type": "github"
      },
      "original": {
        "owner": "cachix",
        "repo": "nixpkgs-python",
        "type": "github"
      }
    },
    "nixpkgs_2": {
      "locked": {
        "lastModified": 1753345091,
        "narHash": "sha256-CdX2Rtvp5I8HGu9swBmYuq+ILwRxpXdJwlpg8jvN4tU=",
        "owner": "NixOS",
        "repo": "nixpkgs",
        "rev": "3ff0e34b1383648053bba8ed03f201d3466f90c9",
        "type": "github"
      },
      "original": {
        "owner": "NixOS",
        "ref": "nixos-25.05",
        "repo": "nixpkgs",
        "type": "github"
      }
    },
    "root": {
      "inputs": {
        "nixpkgs": "nixpkgs",
        "nixpkgs-python": "nixpkgs-python"
      }
    }
  },
  "root": "root",
  "version": 7
}
